
Microsoft Visual Studio Solution File, Format Version 12.00
# Visual Studio Version 17
VisualStudioVersion = 17.10.34928.147
MinimumVisualStudioVersion = 10.0.40219.1
Project("{2150E333-8FDC-42A3-9474-1A3956D46DE8}") = "Services", "Services", "{202EFD9C-8279-490D-82B9-3519DF473C1D}"
EndProject
Project("{2150E333-8FDC-42A3-9474-1A3956D46DE8}") = "Candidate", "Candidate", "{D09863D1-0EA5-4C71-A5EE-6E58C9D8FEB5}"
EndProject
Project("{2150E333-8FDC-42A3-9474-1A3956D46DE8}") = "Core", "Core", "{33A345C8-B541-4422-A006-F0C09E7AAEAE}"
EndProject
Project("{2150E333-8FDC-42A3-9474-1A3956D46DE8}") = "Infrastructure", "Infrastructure", "{07202BC8-EB06-48B5-B760-F1505E505780}"
EndProject
Project("{2150E333-8FDC-42A3-9474-1A3956D46DE8}") = "WebAPI", "WebAPI", "{DA1C26B7-A026-48ED-A14A-63DE51BCB59D}"
EndProject
Project("{9A19103F-16F7-4668-BE54-9A1E7A4F7556}") = "Candidate.Domain", "Services\Candidate\Core\Candidate.Domain\Candidate.Domain.csproj", "{983E15FD-0286-4787-BF22-D1849031A085}"
EndProject
Project("{9A19103F-16F7-4668-BE54-9A1E7A4F7556}") = "Candidate.Application", "Services\Candidate\Core\Candidate.Application\Candidate.Application.csproj", "{6071CE7C-B2D0-405E-AFD1-81FF3E435FE3}"
EndProject
Project("{9A19103F-16F7-4668-BE54-9A1E7A4F7556}") = "Candidate.Infrastructure", "Services\Candidate\Infrastructure\Candidate.Infrastructure\Candidate.Infrastructure.csproj", "{D65EF33B-E28B-4A34-A748-E5CA673BF2EB}"
EndProject
Project("{9A19103F-16F7-4668-BE54-9A1E7A4F7556}") = "Candidate.WebAPI", "Services\Candidate\WebAPI\Candidate.WebAPI\Candidate.WebAPI.csproj", "{75067E30-FD92-49A5-854B-72A702841D5E}"
EndProject
Project("{E53339B2-1760-4266-BCC7-CA923CBCF16C}") = "docker-compose", "docker-compose.dcproj", "{E041CEFE-4488-4DA8-BC69-D68E8678E7DB}"
EndProject
Project("{2150E333-8FDC-42A3-9474-1A3956D46DE8}") = "tests", "tests", "{1F4C9D30-3708-4383-9556-F66BD913EE3E}"
EndProject
Project("{2150E333-8FDC-42A3-9474-1A3956D46DE8}") = "Candidate", "Candidate", "{CEA1AA51-3206-4A60-A8BC-58A3645E1901}"
EndProject
Project("{9A19103F-16F7-4668-BE54-9A1E7A4F7556}") = "Candidate.Application.Tests", "tests\Candidate\Candidate.Application.Tests\Candidate.Application.Tests.csproj", "{96DCFBF5-9D8C-416A-B911-56A2ABE7A7EC}"
EndProject
Project("{9A19103F-16F7-4668-BE54-9A1E7A4F7556}") = "Candidate.WebAPI.Tests", "tests\Candidate\Candidate.WebAPI.Tests\Candidate.WebAPI.Tests.csproj", "{2D7EC443-7EA6-46E8-AA22-7D3E5E1B55FB}"
EndProject
Project("{2150E333-8FDC-42A3-9474-1A3956D46DE8}") = "Organization", "Organization", "{B2AD624A-A39D-48DB-ABD7-2A7E24E6DB15}"
EndProject
Project("{2150E333-8FDC-42A3-9474-1A3956D46DE8}") = "Core", "Core", "{60E425ED-7D4B-41CE-8A92-EAC7230CAC71}"
EndProject
Project("{2150E333-8FDC-42A3-9474-1A3956D46DE8}") = "Infrastructure", "Infrastructure", "{05ED48D4-9F4B-4E5D-A22A-B22DD027A1A2}"
EndProject
Project("{2150E333-8FDC-42A3-9474-1A3956D46DE8}") = "WebAPI", "WebAPI", "{4D4F213B-AE08-4B7F-97E2-564B74ED5A9C}"
EndProject
Project("{9A19103F-16F7-4668-BE54-9A1E7A4F7556}") = "Organization.Domain", "Services\Organization\Core\Organization.Domain\Organization.Domain.csproj", "{52DD3555-E23D-466F-835A-EA434B2DE65D}"
EndProject
Project("{9A19103F-16F7-4668-BE54-9A1E7A4F7556}") = "Organization.Application", "Services\Organization\Core\Organization.Application\Organization.Application.csproj", "{8859CAA3-EE82-427F-96BC-113FD24E6DA8}"
EndProject
Project("{9A19103F-16F7-4668-BE54-9A1E7A4F7556}") = "Organization.Infrastructure", "Services\Organization\Infrastructure\Organization.Infrastructure\Organization.Infrastructure.csproj", "{6862D98D-3C0C-4D26-8EC8-D070E17CF1B8}"
EndProject
Project("{9A19103F-16F7-4668-BE54-9A1E7A4F7556}") = "Organization.WebAPI", "Services\Organization\WebAPI\Organization.WebAPI\Organization.WebAPI.csproj", "{4EFB7E20-9A01-4659-8BF8-4175BB12EA50}"
EndProject
Project("{2150E333-8FDC-42A3-9474-1A3956D46DE8}") = "Organization", "Organization", "{52D42BA6-DFDA-46CA-8859-8DC111B5B20A}"
EndProject
Project("{9A19103F-16F7-4668-BE54-9A1E7A4F7556}") = "Organization.Application.Tests", "tests\Organization\Organization.Application.Tests\Organization.Application.Tests.csproj", "{1FB1F331-14BD-4408-8521-81CDD2D645DD}"
EndProject
Project("{9A19103F-16F7-4668-BE54-9A1E7A4F7556}") = "Organization.WebAPI.Tests", "tests\Organization\Organization.WebAPI.Tests\Organization.WebAPI.Tests.csproj", "{9D41DBEF-37BE-48A4-AD64-5FBA915020A2}"
EndProject
Project("{2150E333-8FDC-42A3-9474-1A3956D46DE8}") = "Job", "Job", "{BA8A9181-D317-4DD3-AC36-76505802B9AC}"
EndProject
Project("{2150E333-8FDC-42A3-9474-1A3956D46DE8}") = "Core", "Core", "{2C77E68D-7F69-4A0F-978B-358773B32AD8}"
EndProject
Project("{2150E333-8FDC-42A3-9474-1A3956D46DE8}") = "Infrastructure", "Infrastructure", "{07B8F055-56E2-4D9B-8059-3A6991F7722D}"
EndProject
Project("{2150E333-8FDC-42A3-9474-1A3956D46DE8}") = "WebAPI", "WebAPI", "{58728E1B-4F51-4BCF-BA0B-6D348379CE7A}"
EndProject
Project("{9A19103F-16F7-4668-BE54-9A1E7A4F7556}") = "Job.Domain", "Services\Job\Core\Job.Domain\Job.Domain.csproj", "{8E735975-1A2F-4EFF-AEB6-EDA43A671B02}"
EndProject
Project("{9A19103F-16F7-4668-BE54-9A1E7A4F7556}") = "Job.Application", "Services\Job\Core\Job.Application\Job.Application.csproj", "{D8F98A00-B4AE-4E4F-8783-843E8373CD18}"
EndProject
Project("{9A19103F-16F7-4668-BE54-9A1E7A4F7556}") = "Job.Infrastructure", "Services\Job\Infrastructure\Job.Infrastructure\Job.Infrastructure.csproj", "{1CEB4BBC-43A1-4608-AA0F-05A8317DD589}"
EndProject
Project("{9A19103F-16F7-4668-BE54-9A1E7A4F7556}") = "Job.WebAPI", "Services\Job\WebAPI\Job.WebAPI\Job.WebAPI.csproj", "{12366103-C98B-453E-B523-CE085A5CCC0D}"
EndProject
Project("{2150E333-8FDC-42A3-9474-1A3956D46DE8}") = "Job", "Job", "{C86A647C-C3FD-4B2F-9D17-8FED4BA6A70C}"
EndProject
Project("{9A19103F-16F7-4668-BE54-9A1E7A4F7556}") = "Job.Application.Tests", "tests\Job\Job.Application.Tests\Job.Application.Tests.csproj", "{08A56988-6A7B-4C22-95AF-715D52F888DC}"
EndProject
Project("{9A19103F-16F7-4668-BE54-9A1E7A4F7556}") = "Job.WebAPI.Tests", "tests\Job\Job.WebAPI.Tests\Job.WebAPI.Tests.csproj", "{B12AE5B6-C071-4F8E-B8CA-8510C31D61C9}"
EndProject
Project("{2150E333-8FDC-42A3-9474-1A3956D46DE8}") = "Recruitment", "Recruitment", "{4C00A1A6-12D8-46BB-94AA-08461DB25B86}"
EndProject
Project("{2150E333-8FDC-42A3-9474-1A3956D46DE8}") = "Core", "Core", "{F2416857-42E4-4F2E-AB1B-DCAD1C6872C9}"
EndProject
Project("{2150E333-8FDC-42A3-9474-1A3956D46DE8}") = "Infrastructure", "Infrastructure", "{539851DC-DCE3-43F8-9A82-699CA36E1D27}"
EndProject
Project("{2150E333-8FDC-42A3-9474-1A3956D46DE8}") = "WebAPI", "WebAPI", "{48B738A5-365C-444B-9143-12F8BFFE9179}"
EndProject
Project("{FAE04EC0-301F-11D3-BF4B-00C04F79EFBC}") = "Recruitment.Domain", "Services\Recruitment\Core\Recruitment.Domain\Recruitment.Domain.csproj", "{5059CA51-BE4E-4D74-88BD-4D51920EB637}"
EndProject
Project("{FAE04EC0-301F-11D3-BF4B-00C04F79EFBC}") = "Recruitment.Application", "Services\Recruitment\Core\Recruitment.Application\Recruitment.Application.csproj", "{0D16B902-92B5-4113-9559-14D2183AA6BC}"
EndProject
Project("{FAE04EC0-301F-11D3-BF4B-00C04F79EFBC}") = "Recruitment.Infrastructure", "Services\Recruitment\Infrastructure\Recruitment.Infrastructure\Recruitment.Infrastructure.csproj", "{7FDA1CF8-AD60-4199-922D-98F33779199F}"
EndProject
Project("{FAE04EC0-301F-11D3-BF4B-00C04F79EFBC}") = "Recruitment.WebAPI", "Services\Recruitment\WebAPI\Recruitment.WebAPI\Recruitment.WebAPI.csproj", "{12EABB09-D874-4B5C-9A10-C9AF22408195}"
EndProject
Project("{2150E333-8FDC-42A3-9474-1A3956D46DE8}") = "Recruitment", "Recruitment", "{0D200305-216F-4626-9220-2763577A2EB5}"
EndProject
Project("{FAE04EC0-301F-11D3-BF4B-00C04F79EFBC}") = "Recruitment.Application.Tests", "tests\Recruitment\Recruitment.Application.Tests\Recruitment.Application.Tests.csproj", "{1107E61E-71DB-4ACE-AAF0-EA461258D50C}"
EndProject
Project("{FAE04EC0-301F-11D3-BF4B-00C04F79EFBC}") = "Recruitment.WebAPI.Tests", "tests\Recruitment\Recruitment.WebAPI.Tests\Recruitment.WebAPI.Tests.csproj", "{9DF4F699-0D9C-400E-B343-5BF7B43142F3}"
EndProject
Global
	GlobalSection(SolutionConfigurationPlatforms) = preSolution
		Debug|Any CPU = Debug|Any CPU
		Release|Any CPU = Release|Any CPU
	EndGlobalSection
	GlobalSection(ProjectConfigurationPlatforms) = postSolution
		{983E15FD-0286-4787-BF22-D1849031A085}.Debug|Any CPU.ActiveCfg = Debug|Any CPU
		{983E15FD-0286-4787-BF22-D1849031A085}.Debug|Any CPU.Build.0 = Debug|Any CPU
		{983E15FD-0286-4787-BF22-D1849031A085}.Release|Any CPU.ActiveCfg = Release|Any CPU
		{983E15FD-0286-4787-BF22-D1849031A085}.Release|Any CPU.Build.0 = Release|Any CPU
		{6071CE7C-B2D0-405E-AFD1-81FF3E435FE3}.Debug|Any CPU.ActiveCfg = Debug|Any CPU
		{6071CE7C-B2D0-405E-AFD1-81FF3E435FE3}.Debug|Any CPU.Build.0 = Debug|Any CPU
		{6071CE7C-B2D0-405E-AFD1-81FF3E435FE3}.Release|Any CPU.ActiveCfg = Release|Any CPU
		{6071CE7C-B2D0-405E-AFD1-81FF3E435FE3}.Release|Any CPU.Build.0 = Release|Any CPU
		{D65EF33B-E28B-4A34-A748-E5CA673BF2EB}.Debug|Any CPU.ActiveCfg = Debug|Any CPU
		{D65EF33B-E28B-4A34-A748-E5CA673BF2EB}.Debug|Any CPU.Build.0 = Debug|Any CPU
		{D65EF33B-E28B-4A34-A748-E5CA673BF2EB}.Release|Any CPU.ActiveCfg = Release|Any CPU
		{D65EF33B-E28B-4A34-A748-E5CA673BF2EB}.Release|Any CPU.Build.0 = Release|Any CPU
		{75067E30-FD92-49A5-854B-72A702841D5E}.Debug|Any CPU.ActiveCfg = Debug|Any CPU
		{75067E30-FD92-49A5-854B-72A702841D5E}.Debug|Any CPU.Build.0 = Debug|Any CPU
		{75067E30-FD92-49A5-854B-72A702841D5E}.Release|Any CPU.ActiveCfg = Release|Any CPU
		{75067E30-FD92-49A5-854B-72A702841D5E}.Release|Any CPU.Build.0 = Release|Any CPU
		{E041CEFE-4488-4DA8-BC69-D68E8678E7DB}.Debug|Any CPU.ActiveCfg = Debug|Any CPU
		{E041CEFE-4488-4DA8-BC69-D68E8678E7DB}.Debug|Any CPU.Build.0 = Debug|Any CPU
		{E041CEFE-4488-4DA8-BC69-D68E8678E7DB}.Release|Any CPU.ActiveCfg = Release|Any CPU
		{E041CEFE-4488-4DA8-BC69-D68E8678E7DB}.Release|Any CPU.Build.0 = Release|Any CPU
		{96DCFBF5-9D8C-416A-B911-56A2ABE7A7EC}.Debug|Any CPU.ActiveCfg = Debug|Any CPU
		{96DCFBF5-9D8C-416A-B911-56A2ABE7A7EC}.Debug|Any CPU.Build.0 = Debug|Any CPU
		{96DCFBF5-9D8C-416A-B911-56A2ABE7A7EC}.Release|Any CPU.ActiveCfg = Release|Any CPU
		{96DCFBF5-9D8C-416A-B911-56A2ABE7A7EC}.Release|Any CPU.Build.0 = Release|Any CPU
		{2D7EC443-7EA6-46E8-AA22-7D3E5E1B55FB}.Debug|Any CPU.ActiveCfg = Debug|Any CPU
		{2D7EC443-7EA6-46E8-AA22-7D3E5E1B55FB}.Debug|Any CPU.Build.0 = Debug|Any CPU
		{2D7EC443-7EA6-46E8-AA22-7D3E5E1B55FB}.Release|Any CPU.ActiveCfg = Release|Any CPU
		{2D7EC443-7EA6-46E8-AA22-7D3E5E1B55FB}.Release|Any CPU.Build.0 = Release|Any CPU
		{52DD3555-E23D-466F-835A-EA434B2DE65D}.Debug|Any CPU.ActiveCfg = Debug|Any CPU
		{52DD3555-E23D-466F-835A-EA434B2DE65D}.Debug|Any CPU.Build.0 = Debug|Any CPU
		{52DD3555-E23D-466F-835A-EA434B2DE65D}.Release|Any CPU.ActiveCfg = Release|Any CPU
		{52DD3555-E23D-466F-835A-EA434B2DE65D}.Release|Any CPU.Build.0 = Release|Any CPU
		{8859CAA3-EE82-427F-96BC-113FD24E6DA8}.Debug|Any CPU.ActiveCfg = Debug|Any CPU
		{8859CAA3-EE82-427F-96BC-113FD24E6DA8}.Debug|Any CPU.Build.0 = Debug|Any CPU
		{8859CAA3-EE82-427F-96BC-113FD24E6DA8}.Release|Any CPU.ActiveCfg = Release|Any CPU
		{8859CAA3-EE82-427F-96BC-113FD24E6DA8}.Release|Any CPU.Build.0 = Release|Any CPU
		{6862D98D-3C0C-4D26-8EC8-D070E17CF1B8}.Debug|Any CPU.ActiveCfg = Debug|Any CPU
		{6862D98D-3C0C-4D26-8EC8-D070E17CF1B8}.Debug|Any CPU.Build.0 = Debug|Any CPU
		{6862D98D-3C0C-4D26-8EC8-D070E17CF1B8}.Release|Any CPU.ActiveCfg = Release|Any CPU
		{6862D98D-3C0C-4D26-8EC8-D070E17CF1B8}.Release|Any CPU.Build.0 = Release|Any CPU
		{4EFB7E20-9A01-4659-8BF8-4175BB12EA50}.Debug|Any CPU.ActiveCfg = Debug|Any CPU
		{4EFB7E20-9A01-4659-8BF8-4175BB12EA50}.Debug|Any CPU.Build.0 = Debug|Any CPU
		{4EFB7E20-9A01-4659-8BF8-4175BB12EA50}.Release|Any CPU.ActiveCfg = Release|Any CPU
		{4EFB7E20-9A01-4659-8BF8-4175BB12EA50}.Release|Any CPU.Build.0 = Release|Any CPU
		{1FB1F331-14BD-4408-8521-81CDD2D645DD}.Debug|Any CPU.ActiveCfg = Debug|Any CPU
		{1FB1F331-14BD-4408-8521-81CDD2D645DD}.Debug|Any CPU.Build.0 = Debug|Any CPU
		{1FB1F331-14BD-4408-8521-81CDD2D645DD}.Release|Any CPU.ActiveCfg = Release|Any CPU
		{1FB1F331-14BD-4408-8521-81CDD2D645DD}.Release|Any CPU.Build.0 = Release|Any CPU
		{9D41DBEF-37BE-48A4-AD64-5FBA915020A2}.Debug|Any CPU.ActiveCfg = Debug|Any CPU
		{9D41DBEF-37BE-48A4-AD64-5FBA915020A2}.Debug|Any CPU.Build.0 = Debug|Any CPU
		{9D41DBEF-37BE-48A4-AD64-5FBA915020A2}.Release|Any CPU.ActiveCfg = Release|Any CPU
		{9D41DBEF-37BE-48A4-AD64-5FBA915020A2}.Release|Any CPU.Build.0 = Release|Any CPU
		{8E735975-1A2F-4EFF-AEB6-EDA43A671B02}.Debug|Any CPU.ActiveCfg = Debug|Any CPU
		{8E735975-1A2F-4EFF-AEB6-EDA43A671B02}.Debug|Any CPU.Build.0 = Debug|Any CPU
		{8E735975-1A2F-4EFF-AEB6-EDA43A671B02}.Release|Any CPU.ActiveCfg = Release|Any CPU
		{8E735975-1A2F-4EFF-AEB6-EDA43A671B02}.Release|Any CPU.Build.0 = Release|Any CPU
		{D8F98A00-B4AE-4E4F-8783-843E8373CD18}.Debug|Any CPU.ActiveCfg = Debug|Any CPU
		{D8F98A00-B4AE-4E4F-8783-843E8373CD18}.Debug|Any CPU.Build.0 = Debug|Any CPU
		{D8F98A00-B4AE-4E4F-8783-843E8373CD18}.Release|Any CPU.ActiveCfg = Release|Any CPU
		{D8F98A00-B4AE-4E4F-8783-843E8373CD18}.Release|Any CPU.Build.0 = Release|Any CPU
		{1CEB4BBC-43A1-4608-AA0F-05A8317DD589}.Debug|Any CPU.ActiveCfg = Debug|Any CPU
		{1CEB4BBC-43A1-4608-AA0F-05A8317DD589}.Debug|Any CPU.Build.0 = Debug|Any CPU
		{1CEB4BBC-43A1-4608-AA0F-05A8317DD589}.Release|Any CPU.ActiveCfg = Release|Any CPU
		{1CEB4BBC-43A1-4608-AA0F-05A8317DD589}.Release|Any CPU.Build.0 = Release|Any CPU
		{12366103-C98B-453E-B523-CE085A5CCC0D}.Debug|Any CPU.ActiveCfg = Debug|Any CPU
		{12366103-C98B-453E-B523-CE085A5CCC0D}.Debug|Any CPU.Build.0 = Debug|Any CPU
		{12366103-C98B-453E-B523-CE085A5CCC0D}.Release|Any CPU.ActiveCfg = Release|Any CPU
		{12366103-C98B-453E-B523-CE085A5CCC0D}.Release|Any CPU.Build.0 = Release|Any CPU
		{08A56988-6A7B-4C22-95AF-715D52F888DC}.Debug|Any CPU.ActiveCfg = Debug|Any CPU
		{08A56988-6A7B-4C22-95AF-715D52F888DC}.Debug|Any CPU.Build.0 = Debug|Any CPU
		{08A56988-6A7B-4C22-95AF-715D52F888DC}.Release|Any CPU.ActiveCfg = Release|Any CPU
		{08A56988-6A7B-4C22-95AF-715D52F888DC}.Release|Any CPU.Build.0 = Release|Any CPU
		{B12AE5B6-C071-4F8E-B8CA-8510C31D61C9}.Debug|Any CPU.ActiveCfg = Debug|Any CPU
		{B12AE5B6-C071-4F8E-B8CA-8510C31D61C9}.Debug|Any CPU.Build.0 = Debug|Any CPU
		{B12AE5B6-C071-4F8E-B8CA-8510C31D61C9}.Release|Any CPU.ActiveCfg = Release|Any CPU
		{B12AE5B6-C071-4F8E-B8CA-8510C31D61C9}.Release|Any CPU.Build.0 = Release|Any CPU
		{5059CA51-BE4E-4D74-88BD-4D51920EB637}.Debug|Any CPU.ActiveCfg = Debug|Any CPU
		{5059CA51-BE4E-4D74-88BD-4D51920EB637}.Debug|Any CPU.Build.0 = Debug|Any CPU
		{5059CA51-BE4E-4D74-88BD-4D51920EB637}.Release|Any CPU.ActiveCfg = Release|Any CPU
		{5059CA51-BE4E-4D74-88BD-4D51920EB637}.Release|Any CPU.Build.0 = Release|Any CPU
		{0D16B902-92B5-4113-9559-14D2183AA6BC}.Debug|Any CPU.ActiveCfg = Debug|Any CPU
		{0D16B902-92B5-4113-9559-14D2183AA6BC}.Debug|Any CPU.Build.0 = Debug|Any CPU
		{0D16B902-92B5-4113-9559-14D2183AA6BC}.Release|Any CPU.ActiveCfg = Release|Any CPU
		{0D16B902-92B5-4113-9559-14D2183AA6BC}.Release|Any CPU.Build.0 = Release|Any CPU
		{7FDA1CF8-AD60-4199-922D-98F33779199F}.Debug|Any CPU.ActiveCfg = Debug|Any CPU
		{7FDA1CF8-AD60-4199-922D-98F33779199F}.Debug|Any CPU.Build.0 = Debug|Any CPU
		{7FDA1CF8-AD60-4199-922D-98F33779199F}.Release|Any CPU.ActiveCfg = Release|Any CPU
		{7FDA1CF8-AD60-4199-922D-98F33779199F}.Release|Any CPU.Build.0 = Release|Any CPU
		{12EABB09-D874-4B5C-9A10-C9AF22408195}.Debug|Any CPU.ActiveCfg = Debug|Any CPU
		{12EABB09-D874-4B5C-9A10-C9AF22408195}.Debug|Any CPU.Build.0 = Debug|Any CPU
		{12EABB09-D874-4B5C-9A10-C9AF22408195}.Release|Any CPU.ActiveCfg = Release|Any CPU
		{12EABB09-D874-4B5C-9A10-C9AF22408195}.Release|Any CPU.Build.0 = Release|Any CPU
		{1107E61E-71DB-4ACE-AAF0-EA461258D50C}.Debug|Any CPU.ActiveCfg = Debug|Any CPU
		{1107E61E-71DB-4ACE-AAF0-EA461258D50C}.Debug|Any CPU.Build.0 = Debug|Any CPU
		{1107E61E-71DB-4ACE-AAF0-EA461258D50C}.Release|Any CPU.ActiveCfg = Release|Any CPU
		{1107E61E-71DB-4ACE-AAF0-EA461258D50C}.Release|Any CPU.Build.0 = Release|Any CPU
		{9DF4F699-0D9C-400E-B343-5BF7B43142F3}.Debug|Any CPU.ActiveCfg = Debug|Any CPU
		{9DF4F699-0D9C-400E-B343-5BF7B43142F3}.Debug|Any CPU.Build.0 = Debug|Any CPU
		{9DF4F699-0D9C-400E-B343-5BF7B43142F3}.Release|Any CPU.ActiveCfg = Release|Any CPU
		{9DF4F699-0D9C-400E-B343-5BF7B43142F3}.Release|Any CPU.Build.0 = Release|Any CPU
	EndGlobalSection
	GlobalSection(SolutionProperties) = preSolution
		HideSolutionNode = FALSE
	EndGlobalSection
	GlobalSection(NestedProjects) = preSolution
		{D09863D1-0EA5-4C71-A5EE-6E58C9D8FEB5} = {202EFD9C-8279-490D-82B9-3519DF473C1D}
		{33A345C8-B541-4422-A006-F0C09E7AAEAE} = {D09863D1-0EA5-4C71-A5EE-6E58C9D8FEB5}
		{07202BC8-EB06-48B5-B760-F1505E505780} = {D09863D1-0EA5-4C71-A5EE-6E58C9D8FEB5}
		{DA1C26B7-A026-48ED-A14A-63DE51BCB59D} = {D09863D1-0EA5-4C71-A5EE-6E58C9D8FEB5}
		{983E15FD-0286-4787-BF22-D1849031A085} = {33A345C8-B541-4422-A006-F0C09E7AAEAE}
		{6071CE7C-B2D0-405E-AFD1-81FF3E435FE3} = {33A345C8-B541-4422-A006-F0C09E7AAEAE}
		{D65EF33B-E28B-4A34-A748-E5CA673BF2EB} = {07202BC8-EB06-48B5-B760-F1505E505780}
		{75067E30-FD92-49A5-854B-72A702841D5E} = {DA1C26B7-A026-48ED-A14A-63DE51BCB59D}
		{CEA1AA51-3206-4A60-A8BC-58A3645E1901} = {1F4C9D30-3708-4383-9556-F66BD913EE3E}
		{96DCFBF5-9D8C-416A-B911-56A2ABE7A7EC} = {CEA1AA51-3206-4A60-A8BC-58A3645E1901}
		{2D7EC443-7EA6-46E8-AA22-7D3E5E1B55FB} = {CEA1AA51-3206-4A60-A8BC-58A3645E1901}
		{B2AD624A-A39D-48DB-ABD7-2A7E24E6DB15} = {202EFD9C-8279-490D-82B9-3519DF473C1D}
		{60E425ED-7D4B-41CE-8A92-EAC7230CAC71} = {B2AD624A-A39D-48DB-ABD7-2A7E24E6DB15}
		{05ED48D4-9F4B-4E5D-A22A-B22DD027A1A2} = {B2AD624A-A39D-48DB-ABD7-2A7E24E6DB15}
		{4D4F213B-AE08-4B7F-97E2-564B74ED5A9C} = {B2AD624A-A39D-48DB-ABD7-2A7E24E6DB15}
		{52DD3555-E23D-466F-835A-EA434B2DE65D} = {60E425ED-7D4B-41CE-8A92-EAC7230CAC71}
		{8859CAA3-EE82-427F-96BC-113FD24E6DA8} = {60E425ED-7D4B-41CE-8A92-EAC7230CAC71}
		{6862D98D-3C0C-4D26-8EC8-D070E17CF1B8} = {05ED48D4-9F4B-4E5D-A22A-B22DD027A1A2}
		{4EFB7E20-9A01-4659-8BF8-4175BB12EA50} = {4D4F213B-AE08-4B7F-97E2-564B74ED5A9C}
		{52D42BA6-DFDA-46CA-8859-8DC111B5B20A} = {1F4C9D30-3708-4383-9556-F66BD913EE3E}
		{1FB1F331-14BD-4408-8521-81CDD2D645DD} = {52D42BA6-DFDA-46CA-8859-8DC111B5B20A}
		{9D41DBEF-37BE-48A4-AD64-5FBA915020A2} = {52D42BA6-DFDA-46CA-8859-8DC111B5B20A}
		{BA8A9181-D317-4DD3-AC36-76505802B9AC} = {202EFD9C-8279-490D-82B9-3519DF473C1D}
		{2C77E68D-7F69-4A0F-978B-358773B32AD8} = {BA8A9181-D317-4DD3-AC36-76505802B9AC}
		{07B8F055-56E2-4D9B-8059-3A6991F7722D} = {BA8A9181-D317-4DD3-AC36-76505802B9AC}
		{58728E1B-4F51-4BCF-BA0B-6D348379CE7A} = {BA8A9181-D317-4DD3-AC36-76505802B9AC}
		{8E735975-1A2F-4EFF-AEB6-EDA43A671B02} = {2C77E68D-7F69-4A0F-978B-358773B32AD8}
		{D8F98A00-B4AE-4E4F-8783-843E8373CD18} = {2C77E68D-7F69-4A0F-978B-358773B32AD8}
		{1CEB4BBC-43A1-4608-AA0F-05A8317DD589} = {07B8F055-56E2-4D9B-8059-3A6991F7722D}
		{12366103-C98B-453E-B523-CE085A5CCC0D} = {58728E1B-4F51-4BCF-BA0B-6D348379CE7A}
		{C86A647C-C3FD-4B2F-9D17-8FED4BA6A70C} = {1F4C9D30-3708-4383-9556-F66BD913EE3E}
		{08A56988-6A7B-4C22-95AF-715D52F888DC} = {C86A647C-C3FD-4B2F-9D17-8FED4BA6A70C}
		{B12AE5B6-C071-4F8E-B8CA-8510C31D61C9} = {C86A647C-C3FD-4B2F-9D17-8FED4BA6A70C}
		{4C00A1A6-12D8-46BB-94AA-08461DB25B86} = {202EFD9C-8279-490D-82B9-3519DF473C1D}
		{F2416857-42E4-4F2E-AB1B-DCAD1C6872C9} = {4C00A1A6-12D8-46BB-94AA-08461DB25B86}
		{539851DC-DCE3-43F8-9A82-699CA36E1D27} = {4C00A1A6-12D8-46BB-94AA-08461DB25B86}
		{48B738A5-365C-444B-9143-12F8BFFE9179} = {4C00A1A6-12D8-46BB-94AA-08461DB25B86}
		{5059CA51-BE4E-4D74-88BD-4D51920EB637} = {F2416857-42E4-4F2E-AB1B-DCAD1C6872C9}
		{0D16B902-92B5-4113-9559-14D2183AA6BC} = {F2416857-42E4-4F2E-AB1B-DCAD1C6872C9}
		{7FDA1CF8-AD60-4199-922D-98F33779199F} = {539851DC-DCE3-43F8-9A82-699CA36E1D27}
		{12EABB09-D874-4B5C-9A10-C9AF22408195} = {48B738A5-365C-444B-9143-12F8BFFE9179}
		{0D200305-216F-4626-9220-2763577A2EB5} = {1F4C9D30-3708-4383-9556-F66BD913EE3E}
		{1107E61E-71DB-4ACE-AAF0-EA461258D50C} = {0D200305-216F-4626-9220-2763577A2EB5}
		{9DF4F699-0D9C-400E-B343-5BF7B43142F3} = {0D200305-216F-4626-9220-2763577A2EB5}
	EndGlobalSection
	GlobalSection(ExtensibilityGlobals) = postSolution
		SolutionGuid = {516C209D-C1CA-4033-95E9-C8C20886F93E}
	EndGlobalSection
EndGlobal
